PODS:
  - Realm (3.19.0):
    - Realm/Headers (= 3.19.0)
  - Realm/Headers (3.19.0)

DEPENDENCIES:
  - Realm (~> 3.19)

SPEC REPOS:
  https://github.com/CocoaPods/Specs.git:
    - Realm

SPEC CHECKSUMS:
  Realm: 995d585bcf699aaff226715886c849a29dd3d07f

PODFILE CHECKSUM: 2b4629e355520d0dde57c3c382f5ecaecc427a99

COCOAPODS: 1.8.3
